{
  "name": "slowmo-stats",
  "version": "1.0.0",
  "lockfileVersion": 2,
  "requires": true,
  "packages": {
    "": {
      "name": "slowmo-stats",
      "version": "1.0.0",
      "license": "ISC",
      "dependencies": {
        "axios": "^0.27.2",
        "axios-cookiejar-support": "^4.0.3",
        "axios-rate-limit": "^1.3.0",
        "chart.js": "^3.9.1",
        "crypto-js": "^4.1.1",
        "date-fns": "^2.29.3",
        "dotenv": "^16.0.3",
        "javascript-stringify": "^2.1.0",
        "tough-cookie": "^4.1.2",
        "underscore": "^1.13.6"
      },
      "devDependencies": {
        "prettier": "2.7.1"
      }
    },
    "node_modules/agent-base": {
      "version": "6.0.2",
      "resolved": "https://repo.intra.eika.no/artifactory/api/npm/npm-repo/agent-base/-/agent-base-6.0.2.tgz",
      "integrity": "sha1-Sf/1hXfP7j83F2/qtMIuAPhtf3c=",
      "dependencies": {
        "debug": "4"
      },
      "engines": {
        "node": ">= 6.0.0"
      }
    },
    "node_modules/asynckit": {
      "version": "0.4.0",
      "resolved": "https://repo.intra.eika.no/artifactory/api/npm/npm-repo/asynckit/-/asynckit-0.4.0.tgz",
      "integrity": "sha1-x57Zf380y48robyXkLzDZkdLS3k="
    },
    "node_modules/axios": {
      "version": "0.27.2",
      "resolved": "https://repo.intra.eika.no/artifactory/api/npm/npm-repo/axios/-/axios-0.27.2.tgz",
      "integrity": "sha1-IHZYzIYhYG5YbIXbS0GnUOdW2XI=",
      "dependencies": {
        "follow-redirects": "^1.14.9",
        "form-data": "^4.0.0"
      }
    },
    "node_modules/axios-cookiejar-support": {
      "version": "4.0.3",
      "resolved": "https://repo.intra.eika.no/artifactory/api/npm/npm-repo/axios-cookiejar-support/-/axios-cookiejar-support-4.0.3.tgz",
      "integrity": "sha1-yQYCnXbHwYUiSrAPl8ZM5eJBrE8=",
      "dependencies": {
        "http-cookie-agent": "^4.0.2"
      },
      "engines": {
        "node": ">=14.18.0 <15.0.0 || >=16.0.0"
      },
      "peerDependencies": {
        "axios": ">=0.20.0",
        "tough-cookie": ">=4.0.0"
      }
    },
    "node_modules/axios-rate-limit": {
      "version": "1.3.0",
      "resolved": "https://repo.intra.eika.no/artifactory/api/npm/npm-repo/axios-rate-limit/-/axios-rate-limit-1.3.0.tgz",
      "integrity": "sha1-AyQdJMIxxHQy2rboI0z96BklPC4=",
      "peerDependencies": {
        "axios": "*"
      }
    },
    "node_modules/chart.js": {
      "version": "3.9.1",
      "resolved": "https://repo.intra.eika.no/artifactory/api/npm/npm-repo/chart.js/-/chart.js-3.9.1.tgz",
      "integrity": "sha1-Or8sd1FpxMcSF6EHFjrHCFFZJLg="
    },
    "node_modules/combined-stream": {
      "version": "1.0.8",
      "resolved": "https://repo.intra.eika.no/artifactory/api/npm/npm-repo/combined-stream/-/combined-stream-1.0.8.tgz",
      "integrity": "sha1-w9RaizT9cwYxoRCoolIGgrMdWn8=",
      "dependencies": {
        "delayed-stream": "~1.0.0"
      },
      "engines": {
        "node": ">= 0.8"
      }
    },
    "node_modules/crypto-js": {
      "version": "4.1.1",
      "resolved": "https://repo.intra.eika.no/artifactory/api/npm/npm-repo/crypto-js/-/crypto-js-4.1.1.tgz",
      "integrity": "sha1-nkhbzwNSEEG9hYRHhrg/t2GXNs8="
    },
    "node_modules/date-fns": {
      "version": "2.29.3",
      "resolved": "https://repo.intra.eika.no/artifactory/api/npm/npm-repo/date-fns/-/date-fns-2.29.3.tgz",
      "integrity": "sha1-J0AtL8Z+tEK1EbcLvfmOZBHNaKg=",
      "engines": {
        "node": ">=0.11"
      }
    },
    "node_modules/debug": {
      "version": "4.3.4",
      "resolved": "https://repo.intra.eika.no/artifactory/api/npm/npm-repo/debug/-/debug-4.3.4.tgz",
      "integrity": "sha1-Exn2V5NX8jONMzfSzdSRS7XcyGU=",
      "dependencies": {
        "ms": "2.1.2"
      },
      "engines": {
        "node": ">=6.0"
      },
      "peerDependenciesMeta": {
        "supports-color": {
          "optional": true
        }
      }
    },
    "node_modules/delayed-stream": {
      "version": "1.0.0",
      "resolved": "https://repo.intra.eika.no/artifactory/api/npm/npm-repo/delayed-stream/-/delayed-stream-1.0.0.tgz",
      "integrity": "sha1-3zrhmayt+31ECqrgsp4icrJOxhk=",
      "engines": {
        "node": ">=0.4.0"
      }
    },
    "node_modules/dotenv": {
      "version": "16.0.3",
      "resolved": "https://repo.intra.eika.no/artifactory/api/npm/npm-repo/dotenv/-/dotenv-16.0.3.tgz",
      "integrity": "sha512-7GO6HghkA5fYG9TYnNxi14/7K9f5occMlp3zXAuSxn7CKCxt9xbNWG7yF8hTCSUchlfWSe3uLmlPfigevRItzQ==",
      "engines": {
        "node": ">=12"
      }
    },
    "node_modules/follow-redirects": {
      "version": "1.15.2",
      "resolved": "https://repo.intra.eika.no/artifactory/api/npm/npm-repo/follow-redirects/-/follow-redirects-1.15.2.tgz",
      "integrity": "sha1-tGCGQUS6Y/JoEJbydMTlcCbaLBM=",
      "engines": {
        "node": ">=4.0"
      },
      "peerDependenciesMeta": {
        "debug": {
          "optional": true
        }
      }
    },
    "node_modules/form-data": {
      "version": "4.0.0",
      "resolved": "https://repo.intra.eika.no/artifactory/api/npm/npm-repo/form-data/-/form-data-4.0.0.tgz",
      "integrity": "sha1-k5Gdrq82HuUpWEubMWZNwSyfpFI=",
      "dependencies": {
        "asynckit": "^0.4.0",
        "combined-stream": "^1.0.8",
        "mime-types": "^2.1.12"
      },
      "engines": {
        "node": ">= 6"
      }
    },
    "node_modules/http-cookie-agent": {
      "version": "4.0.2",
      "resolved": "https://repo.intra.eika.no/artifactory/api/npm/npm-repo/http-cookie-agent/-/http-cookie-agent-4.0.2.tgz",
      "integrity": "sha1-3NquGO0fdFLYGuTVzYCyJ9aDG2k=",
      "dependencies": {
        "agent-base": "^6.0.2"
      },
      "engines": {
        "node": ">=14.18.0 <15.0.0 || >=16.0.0"
      },
      "peerDependencies": {
        "deasync": "^0.1.26",
        "tough-cookie": "^4.0.0",
        "undici": "^5.1.1"
      },
      "peerDependenciesMeta": {
        "deasync": {
          "optional": true
        },
        "undici": {
          "optional": true
        }
      }
    },
    "node_modules/javascript-stringify": {
      "version": "2.1.0",
      "resolved": "https://repo.intra.eika.no/artifactory/api/npm/npm-repo/javascript-stringify/-/javascript-stringify-2.1.0.tgz",
      "integrity": "sha1-J8dlOb4U2L0Sghmi1zGwkzeQTnk="
    },
    "node_modules/mime-db": {
      "version": "1.52.0",
      "resolved": "https://repo.intra.eika.no/artifactory/api/npm/npm-repo/mime-db/-/mime-db-1.52.0.tgz",
      "integrity": "sha1-u6vNwChZ9JhzAchW4zh85exDv3A=",
      "engines": {
        "node": ">= 0.6"
      }
    },
    "node_modules/mime-types": {
      "version": "2.1.35",
      "resolved": "https://repo.intra.eika.no/artifactory/api/npm/npm-repo/mime-types/-/mime-types-2.1.35.tgz",
      "integrity": "sha1-OBqHG2KnNEUGYK497uRIE/cNlZo=",
      "dependencies": {
        "mime-db": "1.52.0"
      },
      "engines": {
        "node": ">= 0.6"
      }
    },
    "node_modules/ms": {
      "version": "2.1.2",
      "resolved": "https://repo.intra.eika.no/artifactory/api/npm/npm-repo/ms/-/ms-2.1.2.tgz",
      "integrity": "sha1-0J0fNXtEP0kzgqjrPM0YOHKuYAk="
    },
    "node_modules/prettier": {
      "version": "2.7.1",
      "resolved": "https://repo.intra.eika.no/artifactory/api/npm/npm-repo/prettier/-/prettier-2.7.1.tgz",
      "integrity": "sha512-ujppO+MkdPqoVINuDFDRLClm7D78qbDt0/NR+wp5FqEZOoTNAjPHWj17QRhu7geIHJfcNhRk1XVQmF8Bp3ye+g==",
      "dev": true,
      "bin": {
        "prettier": "bin-prettier.js"
      },
      "engines": {
        "node": ">=10.13.0"
      }
    },
    "node_modules/psl": {
      "version": "1.9.0",
      "resolved": "https://repo.intra.eika.no/artifactory/api/npm/npm-repo/psl/-/psl-1.9.0.tgz",
      "integrity": "sha1-0N8qE38AeUVl/K87LADNCfjVpac="
    },
    "node_modules/punycode": {
      "version": "2.1.1",
      "resolved": "https://repo.intra.eika.no/artifactory/api/npm/npm-repo/punycode/-/punycode-2.1.1.tgz",
      "integrity": "sha1-tYsBCsQMIsVldhbI0sLALHv0eew=",
      "engines": {
        "node": ">=6"
      }
    },
    "node_modules/querystringify": {
      "version": "2.2.0",
      "resolved": "https://repo.intra.eika.no/artifactory/api/npm/npm-repo/querystringify/-/querystringify-2.2.0.tgz",
      "integrity": "sha1-M0WUG0FTy50ILY7uTNogFqmu9/Y="
    },
    "node_modules/requires-port": {
      "version": "1.0.0",
      "resolved": "https://repo.intra.eika.no/artifactory/api/npm/npm-repo/requires-port/-/requires-port-1.0.0.tgz",
      "integrity": "sha1-kl0mAdOaxIXgkc8NpcbmlNw9yv8="
    },
    "node_modules/tough-cookie": {
      "version": "4.1.2",
      "resolved": "https://repo.intra.eika.no/artifactory/api/npm/npm-repo/tough-cookie/-/tough-cookie-4.1.2.tgz",
      "integrity": "sha1-5T6EuF8k4LZd1Sb0ZijbbIX2uHQ=",
      "dependencies": {
        "psl": "^1.1.33",
        "punycode": "^2.1.1",
        "universalify": "^0.2.0",
        "url-parse": "^1.5.3"
      },
      "engines": {
        "node": ">=6"
      }
    },
    "node_modules/underscore": {
      "version": "1.13.6",
      "resolved": "https://repo.intra.eika.no/artifactory/api/npm/npm-repo/underscore/-/underscore-1.13.6.tgz",
      "integrity": "sha1-BHhqH1idxsCfdh/F9FuJ6TUTZEE="
    },
    "node_modules/universalify": {
      "version": "0.2.0",
      "resolved": "https://repo.intra.eika.no/artifactory/api/npm/npm-repo/universalify/-/universalify-0.2.0.tgz",
      "integrity": "sha1-ZFF2BWb6hXU0dFqx3elS0bF2G+A=",
      "engines": {
        "node": ">= 4.0.0"
      }
    },
    "node_modules/url-parse": {
      "version": "1.5.10",
      "resolved": "https://repo.intra.eika.no/artifactory/api/npm/npm-repo/url-parse/-/url-parse-1.5.10.tgz",
      "integrity": "sha1-nTwvc2wddd070r5QfcwRHx4uqcE=",
      "dependencies": {
        "querystringify": "^2.1.1",
        "requires-port": "^1.0.0"
      }
    }
  },
  "dependencies": {
    "agent-base": {
      "version": "6.0.2",
      "resolved": "https://repo.intra.eika.no/artifactory/api/npm/npm-repo/agent-base/-/agent-base-6.0.2.tgz",
      "integrity": "sha1-Sf/1hXfP7j83F2/qtMIuAPhtf3c=",
      "requires": {
        "debug": "4"
      }
    },
    "asynckit": {
      "version": "0.4.0",
      "resolved": "https://repo.intra.eika.no/artifactory/api/npm/npm-repo/asynckit/-/asynckit-0.4.0.tgz",
      "integrity": "sha1-x57Zf380y48robyXkLzDZkdLS3k="
    },
    "axios": {
      "version": "0.27.2",
      "resolved": "https://repo.intra.eika.no/artifactory/api/npm/npm-repo/axios/-/axios-0.27.2.tgz",
      "integrity": "sha1-IHZYzIYhYG5YbIXbS0GnUOdW2XI=",
      "requires": {
        "follow-redirects": "^1.14.9",
        "form-data": "^4.0.0"
      }
    },
    "axios-cookiejar-support": {
      "version": "4.0.3",
      "resolved": "https://repo.intra.eika.no/artifactory/api/npm/npm-repo/axios-cookiejar-support/-/axios-cookiejar-support-4.0.3.tgz",
      "integrity": "sha1-yQYCnXbHwYUiSrAPl8ZM5eJBrE8=",
      "requires": {
        "http-cookie-agent": "^4.0.2"
      }
    },
    "axios-rate-limit": {
      "version": "1.3.0",
      "resolved": "https://repo.intra.eika.no/artifactory/api/npm/npm-repo/axios-rate-limit/-/axios-rate-limit-1.3.0.tgz",
      "integrity": "sha1-AyQdJMIxxHQy2rboI0z96BklPC4=",
      "requires": {}
    },
    "chart.js": {
      "version": "3.9.1",
      "resolved": "https://repo.intra.eika.no/artifactory/api/npm/npm-repo/chart.js/-/chart.js-3.9.1.tgz",
      "integrity": "sha1-Or8sd1FpxMcSF6EHFjrHCFFZJLg="
    },
    "combined-stream": {
      "version": "1.0.8",
      "resolved": "https://repo.intra.eika.no/artifactory/api/npm/npm-repo/combined-stream/-/combined-stream-1.0.8.tgz",
      "integrity": "sha1-w9RaizT9cwYxoRCoolIGgrMdWn8=",
      "requires": {
        "delayed-stream": "~1.0.0"
      }
    },
    "crypto-js": {
      "version": "4.1.1",
      "resolved": "https://repo.intra.eika.no/artifactory/api/npm/npm-repo/crypto-js/-/crypto-js-4.1.1.tgz",
      "integrity": "sha1-nkhbzwNSEEG9hYRHhrg/t2GXNs8="
    },
    "date-fns": {
      "version": "2.29.3",
      "resolved": "https://repo.intra.eika.no/artifactory/api/npm/npm-repo/date-fns/-/date-fns-2.29.3.tgz",
      "integrity": "sha1-J0AtL8Z+tEK1EbcLvfmOZBHNaKg="
    },
    "debug": {
      "version": "4.3.4",
      "resolved": "https://repo.intra.eika.no/artifactory/api/npm/npm-repo/debug/-/debug-4.3.4.tgz",
      "integrity": "sha1-Exn2V5NX8jONMzfSzdSRS7XcyGU=",
      "requires": {
        "ms": "2.1.2"
      }
    },
    "delayed-stream": {
      "version": "1.0.0",
      "resolved": "https://repo.intra.eika.no/artifactory/api/npm/npm-repo/delayed-stream/-/delayed-stream-1.0.0.tgz",
      "integrity": "sha1-3zrhmayt+31ECqrgsp4icrJOxhk="
    },
    "dotenv": {
      "version": "16.0.3",
      "resolved": "https://repo.intra.eika.no/artifactory/api/npm/npm-repo/dotenv/-/dotenv-16.0.3.tgz",
      "integrity": "sha512-7GO6HghkA5fYG9TYnNxi14/7K9f5occMlp3zXAuSxn7CKCxt9xbNWG7yF8hTCSUchlfWSe3uLmlPfigevRItzQ=="
    },
    "follow-redirects": {
      "version": "1.15.2",
      "resolved": "https://repo.intra.eika.no/artifactory/api/npm/npm-repo/follow-redirects/-/follow-redirects-1.15.2.tgz",
      "integrity": "sha1-tGCGQUS6Y/JoEJbydMTlcCbaLBM="
    },
    "form-data": {
      "version": "4.0.0",
      "resolved": "https://repo.intra.eika.no/artifactory/api/npm/npm-repo/form-data/-/form-data-4.0.0.tgz",
      "integrity": "sha1-k5Gdrq82HuUpWEubMWZNwSyfpFI=",
      "requires": {
        "asynckit": "^0.4.0",
        "combined-stream": "^1.0.8",
        "mime-types": "^2.1.12"
      }
    },
    "http-cookie-agent": {
      "version": "4.0.2",
      "resolved": "https://repo.intra.eika.no/artifactory/api/npm/npm-repo/http-cookie-agent/-/http-cookie-agent-4.0.2.tgz",
      "integrity": "sha1-3NquGO0fdFLYGuTVzYCyJ9aDG2k=",
      "requires": {
        "agent-base": "^6.0.2"
      }
    },
    "javascript-stringify": {
      "version": "2.1.0",
      "resolved": "https://repo.intra.eika.no/artifactory/api/npm/npm-repo/javascript-stringify/-/javascript-stringify-2.1.0.tgz",
      "integrity": "sha1-J8dlOb4U2L0Sghmi1zGwkzeQTnk="
    },
    "mime-db": {
      "version": "1.52.0",
      "resolved": "https://repo.intra.eika.no/artifactory/api/npm/npm-repo/mime-db/-/mime-db-1.52.0.tgz",
      "integrity": "sha1-u6vNwChZ9JhzAchW4zh85exDv3A="
    },
    "mime-types": {
      "version": "2.1.35",
      "resolved": "https://repo.intra.eika.no/artifactory/api/npm/npm-repo/mime-types/-/mime-types-2.1.35.tgz",
      "integrity": "sha1-OBqHG2KnNEUGYK497uRIE/cNlZo=",
      "requires": {
        "mime-db": "1.52.0"
      }
    },
    "ms": {
      "version": "2.1.2",
      "resolved": "https://repo.intra.eika.no/artifactory/api/npm/npm-repo/ms/-/ms-2.1.2.tgz",
      "integrity": "sha1-0J0fNXtEP0kzgqjrPM0YOHKuYAk="
    },
    "prettier": {
      "version": "2.7.1",
      "resolved": "https://repo.intra.eika.no/artifactory/api/npm/npm-repo/prettier/-/prettier-2.7.1.tgz",
      "integrity": "sha512-ujppO+MkdPqoVINuDFDRLClm7D78qbDt0/NR+wp5FqEZOoTNAjPHWj17QRhu7geIHJfcNhRk1XVQmF8Bp3ye+g==",
      "dev": true
    },
    "psl": {
      "version": "1.9.0",
      "resolved": "https://repo.intra.eika.no/artifactory/api/npm/npm-repo/psl/-/psl-1.9.0.tgz",
      "integrity": "sha1-0N8qE38AeUVl/K87LADNCfjVpac="
    },
    "punycode": {
      "version": "2.1.1",
      "resolved": "https://repo.intra.eika.no/artifactory/api/npm/npm-repo/punycode/-/punycode-2.1.1.tgz",
      "integrity": "sha1-tYsBCsQMIsVldhbI0sLALHv0eew="
    },
    "querystringify": {
      "version": "2.2.0",
      "resolved": "https://repo.intra.eika.no/artifactory/api/npm/npm-repo/querystringify/-/querystringify-2.2.0.tgz",
      "integrity": "sha1-M0WUG0FTy50ILY7uTNogFqmu9/Y="
    },
    "requires-port": {
      "version": "1.0.0",
      "resolved": "https://repo.intra.eika.no/artifactory/api/npm/npm-repo/requires-port/-/requires-port-1.0.0.tgz",
      "integrity": "sha1-kl0mAdOaxIXgkc8NpcbmlNw9yv8="
    },
    "tough-cookie": {
      "version": "4.1.2",
      "resolved": "https://repo.intra.eika.no/artifactory/api/npm/npm-repo/tough-cookie/-/tough-cookie-4.1.2.tgz",
      "integrity": "sha1-5T6EuF8k4LZd1Sb0ZijbbIX2uHQ=",
      "requires": {
        "psl": "^1.1.33",
        "punycode": "^2.1.1",
        "universalify": "^0.2.0",
        "url-parse": "^1.5.3"
      }
    },
    "underscore": {
      "version": "1.13.6",
      "resolved": "https://repo.intra.eika.no/artifactory/api/npm/npm-repo/underscore/-/underscore-1.13.6.tgz",
      "integrity": "sha1-BHhqH1idxsCfdh/F9FuJ6TUTZEE="
    },
    "universalify": {
      "version": "0.2.0",
      "resolved": "https://repo.intra.eika.no/artifactory/api/npm/npm-repo/universalify/-/universalify-0.2.0.tgz",
      "integrity": "sha1-ZFF2BWb6hXU0dFqx3elS0bF2G+A="
    },
    "url-parse": {
      "version": "1.5.10",
      "resolved": "https://repo.intra.eika.no/artifactory/api/npm/npm-repo/url-parse/-/url-parse-1.5.10.tgz",
      "integrity": "sha1-nTwvc2wddd070r5QfcwRHx4uqcE=",
      "requires": {
        "querystringify": "^2.1.1",
        "requires-port": "^1.0.0"
      }
    }
  }
}
